
Microsoft Visual Studio Solution File, Format Version 12.00
# Visual Studio Version 17
VisualStudioVersion = 17.5.33209.295
MinimumVisualStudioVersion = 10.0.40219.1
Project("{FAE04EC0-301F-11D3-BF4B-00C04F79EFBC}") = "WpfRedactor", "WpfRedactor\WpfRedactor.csproj", "{091FBE27-0E00-41D4-B80A-BE0779211775}"
EndProject
Global
	GlobalSection(SolutionConfigurationPlatforms) = preSolution
		Debug|Any CPU = Debug|Any CPU
		Release|Any CPU = Release|Any CPU
	EndGlobalSection
	GlobalSection(ProjectConfigurationPlatforms) = postSolution
		{091FBE27-0E00-41D4-B80A-BE0779211775}.Debug|Any CPU.ActiveCfg = Debug|Any CPU
		{091FBE27-0E00-41D4-B80A-BE0779211775}.Debug|Any CPU.Build.0 = Debug|Any CPU
		{091FBE27-0E00-41D4-B80A-BE0779211775}.Release|Any CPU.ActiveCfg = Release|Any CPU
		{091FBE27-0E00-41D4-B80A-BE0779211775}.Release|Any CPU.Build.0 = Release|Any CPU
	EndGlobalSection
	GlobalSection(SolutionProperties) = preSolution
		HideSolutionNode = FALSE
	EndGlobalSection
	GlobalSection(ExtensibilityGlobals) = postSolution
		SolutionGuid = {C7458C28-A8AF-4A97-BDD3-2F07AC057B0F}
	EndGlobalSection
EndGlobal
